
Microsoft Visual Studio Solution File, Format Version 12.00
# Visual Studio Version 17
VisualStudioVersion = 17.4.33213.308
MinimumVisualStudioVersion = 10.0.40219.1
Project("{FAE04EC0-301F-11D3-BF4B-00C04F79EFBC}") = "DataFlow", "DataFlow\DataFlow.csproj", "{1BD89FD9-A43F-473D-80AD-27484E3FCFFF}"
EndProject
Global
	GlobalSection(SolutionConfigurationPlatforms) = preSolution
		Debug|Any CPU = Debug|Any CPU
		Release|Any CPU = Release|Any CPU
	EndGlobalSection
	GlobalSection(ProjectConfigurationPlatforms) = postSolution
		{1BD89FD9-A43F-473D-80AD-27484E3FCFFF}.Debug|Any CPU.ActiveCfg = Debug|Any CPU
		{1BD89FD9-A43F-473D-80AD-27484E3FCFFF}.Debug|Any CPU.Build.0 = Debug|Any CPU
		{1BD89FD9-A43F-473D-80AD-27484E3FCFFF}.Release|Any CPU.ActiveCfg = Release|Any CPU
		{1BD89FD9-A43F-473D-80AD-27484E3FCFFF}.Release|Any CPU.Build.0 = Release|Any CPU
	EndGlobalSection
	GlobalSection(SolutionProperties) = preSolution
		HideSolutionNode = FALSE
	EndGlobalSection
	GlobalSection(ExtensibilityGlobals) = postSolution
		SolutionGuid = {8F7752D6-7CE8-4974-8A7C-72A3F16BBB71}
	EndGlobalSection
EndGlobal
